
Microsoft Visual Studio Solution File, Format Version 12.00
# Visual Studio Version 17
VisualStudioVersion = 17.6.33829.357
MinimumVisualStudioVersion = 10.0.40219.1
Project("{FAE04EC0-301F-11D3-BF4B-00C04F79EFBC}") = "DistributedCaptcha", "DistributedCaptcha\DistributedCaptcha.csproj", "{176DEFB2-E5A3-43A7-89D1-2AEE65917AE1}"
EndProject
Global
	GlobalSection(SolutionConfigurationPlatforms) = preSolution
		Debug|Any CPU = Debug|Any CPU
		Release|Any CPU = Release|Any CPU
	EndGlobalSection
	GlobalSection(ProjectConfigurationPlatforms) = postSolution
		{176DEFB2-E5A3-43A7-89D1-2AEE65917AE1}.Debug|Any CPU.ActiveCfg = Debug|Any CPU
		{176DEFB2-E5A3-43A7-89D1-2AEE65917AE1}.Debug|Any CPU.Build.0 = Debug|Any CPU
		{176DEFB2-E5A3-43A7-89D1-2AEE65917AE1}.Release|Any CPU.ActiveCfg = Release|Any CPU
		{176DEFB2-E5A3-43A7-89D1-2AEE65917AE1}.Release|Any CPU.Build.0 = Release|Any CPU
	EndGlobalSection
	GlobalSection(SolutionProperties) = preSolution
		HideSolutionNode = FALSE
	EndGlobalSection
	GlobalSection(ExtensibilityGlobals) = postSolution
		SolutionGuid = {31B3B09B-444B-433F-8ECE-8E604FC22B55}
	EndGlobalSection
EndGlobal
